
Microsoft Visual Studio Solution File, Format Version 12.00
# Visual Studio Version 17
VisualStudioVersion = 17.9.34902.65
MinimumVisualStudioVersion = 10.0.40219.1
Project("{FAE04EC0-301F-11D3-BF4B-00C04F79EFBC}") = "ApiWebPostman", "ApiWebPostman\ApiWebPostman.csproj", "{40AACC0D-4ACF-42DC-9E1B-F34D845C5D99}"
EndProject
Global
	GlobalSection(SolutionConfigurationPlatforms) = preSolution
		Debug|Any CPU = Debug|Any CPU
		Release|Any CPU = Release|Any CPU
	EndGlobalSection
	GlobalSection(ProjectConfigurationPlatforms) = postSolution
		{40AACC0D-4ACF-42DC-9E1B-F34D845C5D99}.Debug|Any CPU.ActiveCfg = Debug|Any CPU
		{40AACC0D-4ACF-42DC-9E1B-F34D845C5D99}.Debug|Any CPU.Build.0 = Debug|Any CPU
		{40AACC0D-4ACF-42DC-9E1B-F34D845C5D99}.Release|Any CPU.ActiveCfg = Release|Any CPU
		{40AACC0D-4ACF-42DC-9E1B-F34D845C5D99}.Release|Any CPU.Build.0 = Release|Any CPU
	EndGlobalSection
	GlobalSection(SolutionProperties) = preSolution
		HideSolutionNode = FALSE
	EndGlobalSection
	GlobalSection(ExtensibilityGlobals) = postSolution
		SolutionGuid = {681BEC1B-6B08-4AA5-9F80-8152837BAFD5}
	EndGlobalSection
EndGlobal
